
Microsoft Visual Studio Solution File, Format Version 12.00
# Visual Studio 15
VisualStudioVersion = 15.0.28307.757
MinimumVisualStudioVersion = 10.0.40219.1
Project("{FAE04EC0-301F-11D3-BF4B-00C04F79EFBC}") = "Focus", "Focus\Focus.csproj", "{0B695292-CBE7-4E23-99F2-05B85CD7D641}"
EndProject
Project("{2150E333-8FDC-42A3-9474-1A3956D46DE8}") = "NuGet", "NuGet", "{2CD5B156-AEE1-41D5-9B36-E22EC3C720CC}"
	ProjectSection(SolutionItems) = preProject
		NuGet.Config = NuGet.Config
	EndProjectSection
EndProject
Global
	GlobalSection(SolutionConfigurationPlatforms) = preSolution
		Debug|Any CPU = Debug|Any CPU
		Release|Any CPU = Release|Any CPU
	EndGlobalSection
	GlobalSection(ProjectConfigurationPlatforms) = postSolution
		{0B695292-CBE7-4E23-99F2-05B85CD7D641}.Debug|Any CPU.ActiveCfg = Debug|Any CPU
		{0B695292-CBE7-4E23-99F2-05B85CD7D641}.Debug|Any CPU.Build.0 = Debug|Any CPU
		{0B695292-CBE7-4E23-99F2-05B85CD7D641}.Release|Any CPU.ActiveCfg = Release|Any CPU
		{0B695292-CBE7-4E23-99F2-05B85CD7D641}.Release|Any CPU.Build.0 = Release|Any CPU
	EndGlobalSection
	GlobalSection(SolutionProperties) = preSolution
		HideSolutionNode = FALSE
	EndGlobalSection
	GlobalSection(ExtensibilityGlobals) = postSolution
		SolutionGuid = {51404DB4-EA9E-44BF-AEF0-D5BE5022B5E5}
	EndGlobalSection
EndGlobal
